
Microsoft Visual Studio Solution File, Format Version 12.00
# Visual Studio Version 16
VisualStudioVersion = 16.0.32002.261
MinimumVisualStudioVersion = 10.0.40219.1
Project("{FAE04EC0-301F-11D3-BF4B-00C04F79EFBC}") = "CompanyHierarchy", "CompanyHierarchy\CompanyHierarchy.csproj", "{9F0894A3-1E23-4D1A-A729-F98F09C700C2}"
EndProject
Project("{FAE04EC0-301F-11D3-BF4B-00C04F79EFBC}") = "CompanyHierarchy.UnitTest", "CompanyHierarchy.UnitTest\CompanyHierarchy.UnitTest.csproj", "{3DE31494-8C39-4F90-BFEE-4812036E7806}"
EndProject
Global
	GlobalSection(SolutionConfigurationPlatforms) = preSolution
		Debug|Any CPU = Debug|Any CPU
		Release|Any CPU = Release|Any CPU
	EndGlobalSection
	GlobalSection(ProjectConfigurationPlatforms) = postSolution
		{9F0894A3-1E23-4D1A-A729-F98F09C700C2}.Debug|Any CPU.ActiveCfg = Debug|Any CPU
		{9F0894A3-1E23-4D1A-A729-F98F09C700C2}.Debug|Any CPU.Build.0 = Debug|Any CPU
		{9F0894A3-1E23-4D1A-A729-F98F09C700C2}.Release|Any CPU.ActiveCfg = Release|Any CPU
		{9F0894A3-1E23-4D1A-A729-F98F09C700C2}.Release|Any CPU.Build.0 = Release|Any CPU
		{3DE31494-8C39-4F90-BFEE-4812036E7806}.Debug|Any CPU.ActiveCfg = Debug|Any CPU
		{3DE31494-8C39-4F90-BFEE-4812036E7806}.Debug|Any CPU.Build.0 = Debug|Any CPU
		{3DE31494-8C39-4F90-BFEE-4812036E7806}.Release|Any CPU.ActiveCfg = Release|Any CPU
		{3DE31494-8C39-4F90-BFEE-4812036E7806}.Release|Any CPU.Build.0 = Release|Any CPU
	EndGlobalSection
	GlobalSection(SolutionProperties) = preSolution
		HideSolutionNode = FALSE
	EndGlobalSection
	GlobalSection(ExtensibilityGlobals) = postSolution
		SolutionGuid = {D6AECAB6-7F7E-417D-8D98-292154FC94E5}
	EndGlobalSection
EndGlobal
